{
  "name": "stadt-land-klima",
  "lockfileVersion": 3,
  "requires": true,
  "packages": {
    "": {
      "dependencies": {
        "@directus/sdk": "^20.1.0"
      }
    },
    "node_modules/@directus/sdk": {
      "version": "20.1.0",
      "resolved": "https://registry.npmjs.org/@directus/sdk/-/sdk-20.1.0.tgz",
      "integrity": "sha512-EV2bwfiOXc1QFYAIqfGgyZ7JcKgHF43UVEYivUpMjOLiihI9tpmNfcz/qmOXju7LCZrBmSwTOHMRtOXPdZWiLQ==",
      "license": "MIT",
      "engines": {
        "node": ">=22"
      },
      "funding": {
        "url": "https://github.com/directus/directus?sponsor=1"
      }
    }
  }
}
