{
  "name": "openapi-documentation",
  "version": "1.0.0",
  "lockfileVersion": 3,
  "requires": true,
  "packages": {
    "": {
      "name": "openapi-documentation",
      "version": "1.0.0",
      "dependencies": {
        "@directus/sdk": "^21.3.0"
      }
    },
    "node_modules/@directus/sdk": {
      "version": "21.3.0",
      "resolved": "https://registry.npmjs.org/@directus/sdk/-/sdk-21.3.0.tgz",
      "integrity": "sha512-ozK2OmlaBiCuP5RuL046CaGGqEnlOdl4Rg690qaOgbC0C45XnDZVeBlb+NDLTUqEj88iSX8Cv74G3qh0L2i7Yw==",
      "license": "MIT",
      "engines": {
        "node": ">=22"
      },
      "funding": {
        "url": "https://github.com/directus/directus?sponsor=1"
      }
    }
  }
}
