collection: articles
field: public_impact_block
type: alias
meta:
  collection: articles
  conditions: null
  display: null
  display_options: null
  field: public_impact_block
  group: additional_infos
  hidden: false
  interface: group-raw
  note: null
  options: null
  readonly: false
  required: false
  searchable: true
  sort: 3
  special:
    - alias
    - no-data
    - group
  translations:
    - language: de-DE
      translation: Öffentliche Wirkung
  validation: null
  validation_message: null
  width: full
